// !$*UTF8*$!
{
	archiveVersion = 1;
	classes = {
	};
	objectVersion = 70;
	objects = {

/* Begin PBXBuildFile section */
		743F41372CCD946800592CDC /* Poppins-Medium.ttf in Resources */ = {isa = PBXBuildFile; fileRef = 743F41342CCD946800592CDC /* Poppins-Medium.ttf */; };
		743F41382CCD946800592CDC /* Poppins-Regular.ttf in Resources */ = {isa = PBXBuildFile; fileRef = 743F41352CCD946800592CDC /* Poppins-Regular.ttf */; };
		743F41392CCD946800592CDC /* Poppins-Black.ttf in Resources */ = {isa = PBXBuildFile; fileRef = 743F41332CCD946800592CDC /* Poppins-Black.ttf */; };
		74610B782CCE01300084D795 /* Poppins-SemiBold.ttf in Resources */ = {isa = PBXBuildFile; fileRef = 74610B772CCE01300084D795 /* Poppins-SemiBold.ttf */; };
		74E5638B2CC69ED700F90378 /* Task.swift in Sources */ = {isa = PBXBuildFile; fileRef = 74E5638A2CC69ED500F90378 /* Task.swift */; };
		74E5638D2CC69F0700F90378 /* TaskRow.swift in Sources */ = {isa = PBXBuildFile; fileRef = 74E5638C2CC69F0500F90378 /* TaskRow.swift */; };
		74F37F122CCDCA3C00215385 /* TaskComposeView.swift in Sources */ = {isa = PBXBuildFile; fileRef = 74F37F112CCDCA3900215385 /* TaskComposeView.swift */; };
		CA362A252C98C50D002A1EB5 /* _95_Final_ProjectApp.swift in Sources */ = {isa = PBXBuildFile; fileRef = CA362A242C98C50D002A1EB5 /* _95_Final_ProjectApp.swift */; };
		CA362A292C98C50F002A1EB5 /* Assets.xcassets in Resources */ = {isa = PBXBuildFile; fileRef = CA362A282C98C50F002A1EB5 /* Assets.xcassets */; };
		CA362A2D2C98C50F002A1EB5 /* Preview Assets.xcassets in Resources */ = {isa = PBXBuildFile; fileRef = CA362A2C2C98C50F002A1EB5 /* Preview Assets.xcassets */; };
		CA362A752C9FACFF002A1EB5 /* TimerView.swift in Sources */ = {isa = PBXBuildFile; fileRef = CA362A742C9FACFF002A1EB5 /* TimerView.swift */; };
		CA362A772C9FAD13002A1EB5 /* ToDoListView.swift in Sources */ = {isa = PBXBuildFile; fileRef = CA362A762C9FAD13002A1EB5 /* ToDoListView.swift */; };
		CA362A792C9FAE10002A1EB5 /* HomeView.swift in Sources */ = {isa = PBXBuildFile; fileRef = CA362A782C9FAE10002A1EB5 /* HomeView.swift */; };
		CA723BD22CCD8F1B006FCA4B /* CalendarView.swift in Sources */ = {isa = PBXBuildFile; fileRef = CA723BD12CCD8F16006FCA4B /* CalendarView.swift */; };
		CA723BD42CCD8F43006FCA4B /* TimerModal.swift in Sources */ = {isa = PBXBuildFile; fileRef = CA723BD32CCD8F40006FCA4B /* TimerModal.swift */; };
/* End PBXBuildFile section */

/* Begin PBXFileReference section */
		743F41332CCD946800592CDC /* Poppins-Black.ttf */ = {isa = PBXFileReference; lastKnownFileType = file; path = "Poppins-Black.ttf"; sourceTree = "<group>"; };
		743F41342CCD946800592CDC /* Poppins-Medium.ttf */ = {isa = PBXFileReference; lastKnownFileType = file; path = "Poppins-Medium.ttf"; sourceTree = "<group>"; };
		743F41352CCD946800592CDC /* Poppins-Regular.ttf */ = {isa = PBXFileReference; lastKnownFileType = file; path = "Poppins-Regular.ttf"; sourceTree = "<group>"; };
		74610B772CCE01300084D795 /* Poppins-SemiBold.ttf */ = {isa = PBXFileReference; lastKnownFileType = file; path = "Poppins-SemiBold.ttf"; sourceTree = "<group>"; };
		7478F7792CC87D0B00407A91 /* -95-Final-Project-Info.plist */ = {isa = PBXFileReference; lastKnownFileType = text.plist; path = "-95-Final-Project-Info.plist"; sourceTree = SOURCE_ROOT; };
		74E5638A2CC69ED500F90378 /* Task.swift */ = {isa = PBXFileReference; lastKnownFileType = sourcecode.swift; path = Task.swift; sourceTree = "<group>"; };
		74E5638C2CC69F0500F90378 /* TaskRow.swift */ = {isa = PBXFileReference; lastKnownFileType = sourcecode.swift; path = TaskRow.swift; sourceTree = "<group>"; };
		74F37F112CCDCA3900215385 /* TaskComposeView.swift */ = {isa = PBXFileReference; lastKnownFileType = sourcecode.swift; path = TaskComposeView.swift; sourceTree = "<group>"; };
		CA362A212C98C50D002A1EB5 /* 395 Final Project.app */ = {isa = PBXFileReference; explicitFileType = wrapper.application; includeInIndex = 0; path = "395 Final Project.app"; sourceTree = BUILT_PRODUCTS_DIR; };
		CA362A242C98C50D002A1EB5 /* _95_Final_ProjectApp.swift */ = {isa = PBXFileReference; lastKnownFileType = sourcecode.swift; path = _95_Final_ProjectApp.swift; sourceTree = "<group>"; };
		CA362A282C98C50F002A1EB5 /* Assets.xcassets */ = {isa = PBXFileReference; lastKnownFileType = folder.assetcatalog; path = Assets.xcassets; sourceTree = "<group>"; };
		CA362A2A2C98C50F002A1EB5 /* _95_Final_Project.entitlements */ = {isa = PBXFileReference; lastKnownFileType = text.plist.entitlements; path = _95_Final_Project.entitlements; sourceTree = "<group>"; };
		CA362A2C2C98C50F002A1EB5 /* Preview Assets.xcassets */ = {isa = PBXFileReference; lastKnownFileType = folder.assetcatalog; path = "Preview Assets.xcassets"; sourceTree = "<group>"; };
		CA362A742C9FACFF002A1EB5 /* TimerView.swift */ = {isa = PBXFileReference; lastKnownFileType = sourcecode.swift; path = TimerView.swift; sourceTree = "<group>"; };
		CA362A762C9FAD13002A1EB5 /* ToDoListView.swift */ = {isa = PBXFileReference; lastKnownFileType = sourcecode.swift; path = ToDoListView.swift; sourceTree = "<group>"; };
		CA362A782C9FAE10002A1EB5 /* HomeView.swift */ = {isa = PBXFileReference; lastKnownFileType = sourcecode.swift; path = HomeView.swift; sourceTree = "<group>"; };
		CA723BD12CCD8F16006FCA4B /* CalendarView.swift */ = {isa = PBXFileReference; lastKnownFileType = sourcecode.swift; path = CalendarView.swift; sourceTree = "<group>"; };
		CA723BD32CCD8F40006FCA4B /* TimerModal.swift */ = {isa = PBXFileReference; lastKnownFileType = sourcecode.swift; path = TimerModal.swift; sourceTree = "<group>"; };
/* End PBXFileReference section */

/* Begin PBXFileSystemSynchronizedRootGroup section */
		74241F712CC610920040888F /* Extensions */ = {isa = PBXFileSystemSynchronizedRootGroup; explicitFileTypes = {}; explicitFolders = (); path = Extensions; sourceTree = "<group>"; };
/* End PBXFileSystemSynchronizedRootGroup section */

/* Begin PBXFrameworksBuildPhase section */
		CA362A1E2C98C50D002A1EB5 /* Frameworks */ = {
			isa = PBXFrameworksBuildPhase;
			buildActionMask = 2147483647;
			files = (
			);
			runOnlyForDeploymentPostprocessing = 0;
		};
/* End PBXFrameworksBuildPhase section */

/* Begin PBXGroup section */
		743F41362CCD946800592CDC /* Fonts */ = {
			isa = PBXGroup;
			children = (
				743F41332CCD946800592CDC /* Poppins-Black.ttf */,
				743F41342CCD946800592CDC /* Poppins-Medium.ttf */,
				743F41352CCD946800592CDC /* Poppins-Regular.ttf */,
				74610B772CCE01300084D795 /* Poppins-SemiBold.ttf */,
			);
			path = Fonts;
			sourceTree = "<group>";
		};
		CA362A182C98C50D002A1EB5 = {
			isa = PBXGroup;
			children = (
				CA362A232C98C50D002A1EB5 /* 395 Final Project */,
				CA362A222C98C50D002A1EB5 /* Products */,
			);
			sourceTree = "<group>";
		};
		CA362A222C98C50D002A1EB5 /* Products */ = {
			isa = PBXGroup;
			children = (
				CA362A212C98C50D002A1EB5 /* 395 Final Project.app */,
			);
			name = Products;
			sourceTree = "<group>";
		};
		CA362A232C98C50D002A1EB5 /* 395 Final Project */ = {
			isa = PBXGroup;
			children = (
				7478F7792CC87D0B00407A91 /* -95-Final-Project-Info.plist */,
				CA362A722C9FAC24002A1EB5 /* Modals */,
				CA362A712C9FABF9002A1EB5 /* Views */,
				CA362A282C98C50F002A1EB5 /* Assets.xcassets */,
				CA362A2A2C98C50F002A1EB5 /* _95_Final_Project.entitlements */,
				CA362A2B2C98C50F002A1EB5 /* Preview Content */,
				74241F712CC610920040888F /* Extensions */,
				CA362A242C98C50D002A1EB5 /* _95_Final_ProjectApp.swift */,
				743F41362CCD946800592CDC /* Fonts */,
			);
			path = "395 Final Project";
			sourceTree = "<group>";
		};
		CA362A2B2C98C50F002A1EB5 /* Preview Content */ = {
			isa = PBXGroup;
			children = (
				CA362A2C2C98C50F002A1EB5 /* Preview Assets.xcassets */,
			);
			path = "Preview Content";
			sourceTree = "<group>";
		};
		CA362A712C9FABF9002A1EB5 /* Views */ = {
			isa = PBXGroup;
			children = (
				74F37F112CCDCA3900215385 /* TaskComposeView.swift */,
				CA723BD12CCD8F16006FCA4B /* CalendarView.swift */,
				74E5638C2CC69F0500F90378 /* TaskRow.swift */,
				CA362A742C9FACFF002A1EB5 /* TimerView.swift */,
				CA362A762C9FAD13002A1EB5 /* ToDoListView.swift */,
				CA362A782C9FAE10002A1EB5 /* HomeView.swift */,
			);
			path = Views;
			sourceTree = "<group>";
		};
		CA362A722C9FAC24002A1EB5 /* Modals */ = {
			isa = PBXGroup;
			children = (
				CA723BD32CCD8F40006FCA4B /* TimerModal.swift */,
				74E5638A2CC69ED500F90378 /* Task.swift */,
			);
			path = Modals;
			sourceTree = "<group>";
		};
/* End PBXGroup section */

/* Begin PBXNativeTarget section */
		CA362A202C98C50D002A1EB5 /* 395 Final Project */ = {
			isa = PBXNativeTarget;
			buildConfigurationList = CA362A302C98C50F002A1EB5 /* Build configuration list for PBXNativeTarget "395 Final Project" */;
			buildPhases = (
				CA362A1D2C98C50D002A1EB5 /* Sources */,
				CA362A1E2C98C50D002A1EB5 /* Frameworks */,
				CA362A1F2C98C50D002A1EB5 /* Resources */,
			);
			buildRules = (
			);
			dependencies = (
			);
			fileSystemSynchronizedGroups = (
				74241F712CC610920040888F /* Extensions */,
			);
			name = "395 Final Project";
			productName = "395 Final Project";
			productReference = CA362A212C98C50D002A1EB5 /* 395 Final Project.app */;
			productType = "com.apple.product-type.application";
		};
/* End PBXNativeTarget section */

/* Begin PBXProject section */
		CA362A192C98C50D002A1EB5 /* Project object */ = {
			isa = PBXProject;
			attributes = {
				BuildIndependentTargetsInParallel = 1;
				LastSwiftUpdateCheck = 1540;
				LastUpgradeCheck = 1540;
				TargetAttributes = {
					CA362A202C98C50D002A1EB5 = {
						CreatedOnToolsVersion = 15.4;
					};
				};
			};
			buildConfigurationList = CA362A1C2C98C50D002A1EB5 /* Build configuration list for PBXProject "395 Final Project" */;
			compatibilityVersion = "Xcode 14.0";
			developmentRegion = en;
			hasScannedForEncodings = 0;
			knownRegions = (
				en,
				Base,
			);
			mainGroup = CA362A182C98C50D002A1EB5;
			productRefGroup = CA362A222C98C50D002A1EB5 /* Products */;
			projectDirPath = "";
			projectRoot = "";
			targets = (
				CA362A202C98C50D002A1EB5 /* 395 Final Project */,
			);
		};
/* End PBXProject section */

/* Begin PBXResourcesBuildPhase section */
		CA362A1F2C98C50D002A1EB5 /* Resources */ = {
			isa = PBXResourcesBuildPhase;
			buildActionMask = 2147483647;
			files = (
				CA362A2D2C98C50F002A1EB5 /* Preview Assets.xcassets in Resources */,
				74610B782CCE01300084D795 /* Poppins-SemiBold.ttf in Resources */,
				743F41372CCD946800592CDC /* Poppins-Medium.ttf in Resources */,
				743F41382CCD946800592CDC /* Poppins-Regular.ttf in Resources */,
				743F41392CCD946800592CDC /* Poppins-Black.ttf in Resources */,
				CA362A292C98C50F002A1EB5 /* Assets.xcassets in Resources */,
			);
			runOnlyForDeploymentPostprocessing = 0;
		};
/* End PBXResourcesBuildPhase section */

/* Begin PBXSourcesBuildPhase section */
		CA362A1D2C98C50D002A1EB5 /* Sources */ = {
			isa = PBXSourcesBuildPhase;
			buildActionMask = 2147483647;
			files = (
				CA723BD42CCD8F43006FCA4B /* TimerModal.swift in Sources */,
				CA362A752C9FACFF002A1EB5 /* TimerView.swift in Sources */,
				CA362A772C9FAD13002A1EB5 /* ToDoListView.swift in Sources */,
				CA723BD22CCD8F1B006FCA4B /* CalendarView.swift in Sources */,
				74E5638D2CC69F0700F90378 /* TaskRow.swift in Sources */,
				CA362A792C9FAE10002A1EB5 /* HomeView.swift in Sources */,
				74F37F122CCDCA3C00215385 /* TaskComposeView.swift in Sources */,
				74E5638B2CC69ED700F90378 /* Task.swift in Sources */,
				CA362A252C98C50D002A1EB5 /* _95_Final_ProjectApp.swift in Sources */,
			);
			runOnlyForDeploymentPostprocessing = 0;
		};
/* End PBXSourcesBuildPhase section */

/* Begin XCBuildConfiguration section */
		CA362A2E2C98C50F002A1EB5 /* Debug */ = {
			isa = XCBuildConfiguration;
			buildSettings = {
				ALWAYS_SEARCH_USER_PATHS = NO;
				ASSETCATALOG_COMPILER_GENERATE_SWIFT_ASSET_SYMBOL_EXTENSIONS = YES;
				CLANG_ANALYZER_NONNULL = YES;
				CLANG_ANALYZER_NUMBER_OBJECT_CONVERSION = YES_AGGRESSIVE;
				CLANG_CXX_LANGUAGE_STANDARD = "gnu++20";
				CLANG_ENABLE_MODULES = YES;
				CLANG_ENABLE_OBJC_ARC = YES;
				CLANG_ENABLE_OBJC_WEAK = YES;
				CLANG_WARN_BLOCK_CAPTURE_AUTORELEASING = YES;
				CLANG_WARN_BOOL_CONVERSION = YES;
				CLANG_WARN_COMMA = YES;
				CLANG_WARN_CONSTANT_CONVERSION = YES;
				CLANG_WARN_DEPRECATED_OBJC_IMPLEMENTATIONS = YES;
				CLANG_WARN_DIRECT_OBJC_ISA_USAGE = YES_ERROR;
				CLANG_WARN_DOCUMENTATION_COMMENTS = YES;
				CLANG_WARN_EMPTY_BODY = YES;
				CLANG_WARN_ENUM_CONVERSION = YES;
				CLANG_WARN_INFINITE_RECURSION = YES;
				CLANG_WARN_INT_CONVERSION = YES;
				CLANG_WARN_NON_LITERAL_NULL_CONVERSION = YES;
				CLANG_WARN_OBJC_IMPLICIT_RETAIN_SELF = YES;
				CLANG_WARN_OBJC_LITERAL_CONVERSION = YES;
				CLANG_WARN_OBJC_ROOT_CLASS = YES_ERROR;
				CLANG_WARN_QUOTED_INCLUDE_IN_FRAMEWORK_HEADER = YES;
				CLANG_WARN_RANGE_LOOP_ANALYSIS = YES;
				CLANG_WARN_STRICT_PROTOTYPES = YES;
				CLANG_WARN_SUSPICIOUS_MOVE = YES;
				CLANG_WARN_UNGUARDED_AVAILABILITY = YES_AGGRESSIVE;
				CLANG_WARN_UNREACHABLE_CODE = YES;
				CLANG_WARN__DUPLICATE_METHOD_MATCH = YES;
				COPY_PHASE_STRIP = NO;
				DEBUG_INFORMATION_FORMAT = dwarf;
				ENABLE_STRICT_OBJC_MSGSEND = YES;
				ENABLE_TESTABILITY = YES;
				ENABLE_USER_SCRIPT_SANDBOXING = YES;
				GCC_C_LANGUAGE_STANDARD = gnu17;
				GCC_DYNAMIC_NO_PIC = NO;
				GCC_NO_COMMON_BLOCKS = YES;
				GCC_OPTIMIZATION_LEVEL = 0;
				GCC_PREPROCESSOR_DEFINITIONS = (
					"DEBUG=1",
					"$(inherited)",
				);
				GCC_WARN_64_TO_32_BIT_CONVERSION = YES;
				GCC_WARN_ABOUT_RETURN_TYPE = YES_ERROR;
				GCC_WARN_UNDECLARED_SELECTOR = YES;
				GCC_WARN_UNINITIALIZED_AUTOS = YES_AGGRESSIVE;
				GCC_WARN_UNUSED_FUNCTION = YES;
				GCC_WARN_UNUSED_VARIABLE = YES;
				LOCALIZATION_PREFERS_STRING_CATALOGS = YES;
				MTL_ENABLE_DEBUG_INFO = INCLUDE_SOURCE;
				MTL_FAST_MATH = YES;
				ONLY_ACTIVE_ARCH = YES;
				SWIFT_ACTIVE_COMPILATION_CONDITIONS = "DEBUG $(inherited)";
				SWIFT_OPTIMIZATION_LEVEL = "-Onone";
			};
			name = Debug;
		};
		CA362A2F2C98C50F002A1EB5 /* Release */ = {
			isa = XCBuildConfiguration;
			buildSettings = {
				ALWAYS_SEARCH_USER_PATHS = NO;
				ASSETCATALOG_COMPILER_GENERATE_SWIFT_ASSET_SYMBOL_EXTENSIONS = YES;
				CLANG_ANALYZER_NONNULL = YES;
				CLANG_ANALYZER_NUMBER_OBJECT_CONVERSION = YES_AGGRESSIVE;
				CLANG_CXX_LANGUAGE_STANDARD = "gnu++20";
				CLANG_ENABLE_MODULES = YES;
				CLANG_ENABLE_OBJC_ARC = YES;
				CLANG_ENABLE_OBJC_WEAK = YES;
				CLANG_WARN_BLOCK_CAPTURE_AUTORELEASING = YES;
				CLANG_WARN_BOOL_CONVERSION = YES;
				CLANG_WARN_COMMA = YES;
				CLANG_WARN_CONSTANT_CONVERSION = YES;
				CLANG_WARN_DEPRECATED_OBJC_IMPLEMENTATIONS = YES;
				CLANG_WARN_DIRECT_OBJC_ISA_USAGE = YES_ERROR;
				CLANG_WARN_DOCUMENTATION_COMMENTS = YES;
				CLANG_WARN_EMPTY_BODY = YES;
				CLANG_WARN_ENUM_CONVERSION = YES;
				CLANG_WARN_INFINITE_RECURSION = YES;
				CLANG_WARN_INT_CONVERSION = YES;
				CLANG_WARN_NON_LITERAL_NULL_CONVERSION = YES;
				CLANG_WARN_OBJC_IMPLICIT_RETAIN_SELF = YES;
				CLANG_WARN_OBJC_LITERAL_CONVERSION = YES;
				CLANG_WARN_OBJC_ROOT_CLASS = YES_ERROR;
				CLANG_WARN_QUOTED_INCLUDE_IN_FRAMEWORK_HEADER = YES;
				CLANG_WARN_RANGE_LOOP_ANALYSIS = YES;
				CLANG_WARN_STRICT_PROTOTYPES = YES;
				CLANG_WARN_SUSPICIOUS_MOVE = YES;
				CLANG_WARN_UNGUARDED_AVAILABILITY = YES_AGGRESSIVE;
				CLANG_WARN_UNREACHABLE_CODE = YES;
				CLANG_WARN__DUPLICATE_METHOD_MATCH = YES;
				COPY_PHASE_STRIP = NO;
				DEBUG_INFORMATION_FORMAT = "dwarf-with-dsym";
				ENABLE_NS_ASSERTIONS = NO;
				ENABLE_STRICT_OBJC_MSGSEND = YES;
				ENABLE_USER_SCRIPT_SANDBOXING = YES;
				GCC_C_LANGUAGE_STANDARD = gnu17;
				GCC_NO_COMMON_BLOCKS = YES;
				GCC_WARN_64_TO_32_BIT_CONVERSION = YES;
				GCC_WARN_ABOUT_RETURN_TYPE = YES_ERROR;
				GCC_WARN_UNDECLARED_SELECTOR = YES;
				GCC_WARN_UNINITIALIZED_AUTOS = YES_AGGRESSIVE;
				GCC_WARN_UNUSED_FUNCTION = YES;
				GCC_WARN_UNUSED_VARIABLE = YES;
				LOCALIZATION_PREFERS_STRING_CATALOGS = YES;
				MTL_ENABLE_DEBUG_INFO = NO;
				MTL_FAST_MATH = YES;
				SWIFT_COMPILATION_MODE = wholemodule;
			};
			name = Release;
		};
		CA362A312C98C50F002A1EB5 /* Debug */ = {
			isa = XCBuildConfiguration;
			buildSettings = {
				ASSETCATALOG_COMPILER_APPICON_NAME = AppIcon;
				ASSETCATALOG_COMPILER_GLOBAL_ACCENT_COLOR_NAME = AccentColor;
				CODE_SIGN_ENTITLEMENTS = "395 Final Project/_95_Final_Project.entitlements";
				CODE_SIGN_STYLE = Automatic;
				CURRENT_PROJECT_VERSION = 1;
				DEVELOPMENT_ASSET_PATHS = "\"395 Final Project/Preview Content\"";
				ENABLE_PREVIEWS = YES;
				GENERATE_INFOPLIST_FILE = YES;
				INFOPLIST_FILE = "-95-Final-Project-Info.plist";
				"INFOPLIST_KEY_UIApplicationSceneManifest_Generation[sdk=iphoneos*]" = YES;
				"INFOPLIST_KEY_UIApplicationSceneManifest_Generation[sdk=iphonesimulator*]" = YES;
				"INFOPLIST_KEY_UIApplicationSupportsIndirectInputEvents[sdk=iphoneos*]" = YES;
				"INFOPLIST_KEY_UIApplicationSupportsIndirectInputEvents[sdk=iphonesimulator*]" = YES;
				"INFOPLIST_KEY_UILaunchScreen_Generation[sdk=iphoneos*]" = YES;
				"INFOPLIST_KEY_UILaunchScreen_Generation[sdk=iphonesimulator*]" = YES;
				"INFOPLIST_KEY_UIStatusBarStyle[sdk=iphoneos*]" = UIStatusBarStyleDefault;
				"INFOPLIST_KEY_UIStatusBarStyle[sdk=iphonesimulator*]" = UIStatusBarStyleDefault;
				INFOPLIST_KEY_UISupportedInterfaceOrientations_iPad = "UIInterfaceOrientationPortrait UIInterfaceOrientationPortraitUpsideDown UIInterfaceOrientationLandscapeLeft UIInterfaceOrientationLandscapeRight";
				INFOPLIST_KEY_UISupportedInterfaceOrientations_iPhone = "UIInterfaceOrientationPortrait UIInterfaceOrientationLandscapeLeft UIInterfaceOrientationLandscapeRight";
				IPHONEOS_DEPLOYMENT_TARGET = 17.5;
				LD_RUNPATH_SEARCH_PATHS = "@executable_path/Frameworks";
				"LD_RUNPATH_SEARCH_PATHS[sdk=macosx*]" = "@executable_path/../Frameworks";
				MACOSX_DEPLOYMENT_TARGET = 14.5;
				MARKETING_VERSION = 1.0;
				PRODUCT_BUNDLE_IDENTIFIER = "com.example.-95-Final-Project";
				PRODUCT_NAME = "$(TARGET_NAME)";
				SDKROOT = auto;
				SUPPORTED_PLATFORMS = "iphoneos iphonesimulator macosx";
				SWIFT_EMIT_LOC_STRINGS = YES;
				SWIFT_VERSION = 5.0;
				TARGETED_DEVICE_FAMILY = "1,2";
			};
			name = Debug;
		};
		CA362A322C98C50F002A1EB5 /* Release */ = {
			isa = XCBuildConfiguration;
			buildSettings = {
				ASSETCATALOG_COMPILER_APPICON_NAME = AppIcon;
				ASSETCATALOG_COMPILER_GLOBAL_ACCENT_COLOR_NAME = AccentColor;
				CODE_SIGN_ENTITLEMENTS = "395 Final Project/_95_Final_Project.entitlements";
				CODE_SIGN_STYLE = Automatic;
				CURRENT_PROJECT_VERSION = 1;
				DEVELOPMENT_ASSET_PATHS = "\"395 Final Project/Preview Content\"";
				ENABLE_PREVIEWS = YES;
				GENERATE_INFOPLIST_FILE = YES;
				INFOPLIST_FILE = "-95-Final-Project-Info.plist";
				"INFOPLIST_KEY_UIApplicationSceneManifest_Generation[sdk=iphoneos*]" = YES;
				"INFOPLIST_KEY_UIApplicationSceneManifest_Generation[sdk=iphonesimulator*]" = YES;
				"INFOPLIST_KEY_UIApplicationSupportsIndirectInputEvents[sdk=iphoneos*]" = YES;
				"INFOPLIST_KEY_UIApplicationSupportsIndirectInputEvents[sdk=iphonesimulator*]" = YES;
				"INFOPLIST_KEY_UILaunchScreen_Generation[sdk=iphoneos*]" = YES;
				"INFOPLIST_KEY_UILaunchScreen_Generation[sdk=iphonesimulator*]" = YES;
				"INFOPLIST_KEY_UIStatusBarStyle[sdk=iphoneos*]" = UIStatusBarStyleDefault;
				"INFOPLIST_KEY_UIStatusBarStyle[sdk=iphonesimulator*]" = UIStatusBarStyleDefault;
				INFOPLIST_KEY_UISupportedInterfaceOrientations_iPad = "UIInterfaceOrientationPortrait UIInterfaceOrientationPortraitUpsideDown UIInterfaceOrientationLandscapeLeft UIInterfaceOrientationLandscapeRight";
				INFOPLIST_KEY_UISupportedInterfaceOrientations_iPhone = "UIInterfaceOrientationPortrait UIInterfaceOrientationLandscapeLeft UIInterfaceOrientationLandscapeRight";
				IPHONEOS_DEPLOYMENT_TARGET = 17.5;
				LD_RUNPATH_SEARCH_PATHS = "@executable_path/Frameworks";
				"LD_RUNPATH_SEARCH_PATHS[sdk=macosx*]" = "@executable_path/../Frameworks";
				MACOSX_DEPLOYMENT_TARGET = 14.5;
				MARKETING_VERSION = 1.0;
				PRODUCT_BUNDLE_IDENTIFIER = "com.example.-95-Final-Project";
				PRODUCT_NAME = "$(TARGET_NAME)";
				SDKROOT = auto;
				SUPPORTED_PLATFORMS = "iphoneos iphonesimulator macosx";
				SWIFT_EMIT_LOC_STRINGS = YES;
				SWIFT_VERSION = 5.0;
				TARGETED_DEVICE_FAMILY = "1,2";
			};
			name = Release;
		};
/* End XCBuildConfiguration section */

/* Begin XCConfigurationList section */
		CA362A1C2C98C50D002A1EB5 /* Build configuration list for PBXProject "395 Final Project" */ = {
			isa = XCConfigurationList;
			buildConfigurations = (
				CA362A2E2C98C50F002A1EB5 /* Debug */,
				CA362A2F2C98C50F002A1EB5 /* Release */,
			);
			defaultConfigurationIsVisible = 0;
			defaultConfigurationName = Release;
		};
		CA362A302C98C50F002A1EB5 /* Build configuration list for PBXNativeTarget "395 Final Project" */ = {
			isa = XCConfigurationList;
			buildConfigurations = (
				CA362A312C98C50F002A1EB5 /* Debug */,
				CA362A322C98C50F002A1EB5 /* Release */,
			);
			defaultConfigurationIsVisible = 0;
			defaultConfigurationName = Release;
		};
/* End XCConfigurationList section */
	};
	rootObject = CA362A192C98C50D002A1EB5 /* Project object */;
}
